
Microsoft Visual Studio Solution File, Format Version 12.00
# Visual Studio Version 17
VisualStudioVersion = 17.3.32929.385
MinimumVisualStudioVersion = 10.0.40219.1
Project("{FAE04EC0-301F-11D3-BF4B-00C04F79EFBC}") = "Ejercicio1", "Ejercicio1\Ejercicio1.csproj", "{8A4758E3-201D-4EFD-AD46-5EDC5C4E8A0E}"
EndProject
Project("{FAE04EC0-301F-11D3-BF4B-00C04F79EFBC}") = "Ejercicio2", "Ejercicio2\Ejercicio2.csproj", "{A388D9E6-C92C-44CF-BD3D-52196F9B9E4A}"
EndProject
Global
	GlobalSection(SolutionConfigurationPlatforms) = preSolution
		Debug|Any CPU = Debug|Any CPU
		Release|Any CPU = Release|Any CPU
	EndGlobalSection
	GlobalSection(ProjectConfigurationPlatforms) = postSolution
		{8A4758E3-201D-4EFD-AD46-5EDC5C4E8A0E}.Debug|Any CPU.ActiveCfg = Debug|Any CPU
		{8A4758E3-201D-4EFD-AD46-5EDC5C4E8A0E}.Debug|Any CPU.Build.0 = Debug|Any CPU
		{8A4758E3-201D-4EFD-AD46-5EDC5C4E8A0E}.Release|Any CPU.ActiveCfg = Release|Any CPU
		{8A4758E3-201D-4EFD-AD46-5EDC5C4E8A0E}.Release|Any CPU.Build.0 = Release|Any CPU
		{A388D9E6-C92C-44CF-BD3D-52196F9B9E4A}.Debug|Any CPU.ActiveCfg = Debug|Any CPU
		{A388D9E6-C92C-44CF-BD3D-52196F9B9E4A}.Debug|Any CPU.Build.0 = Debug|Any CPU
		{A388D9E6-C92C-44CF-BD3D-52196F9B9E4A}.Release|Any CPU.ActiveCfg = Release|Any CPU
		{A388D9E6-C92C-44CF-BD3D-52196F9B9E4A}.Release|Any CPU.Build.0 = Release|Any CPU
	EndGlobalSection
	GlobalSection(SolutionProperties) = preSolution
		HideSolutionNode = FALSE
	EndGlobalSection
	GlobalSection(ExtensibilityGlobals) = postSolution
		SolutionGuid = {50795657-1549-4B44-93DF-E58203FB17E1}
	EndGlobalSection
EndGlobal
